{
  "version": 4,
  "terraform_version": "1.1.6",
  "serial": 49,
  "lineage": "c196d544-c992-9d75-365c-c1cafe6b648a",
  "outputs": {
    "securityGroupID": {
      "value": "/subscriptions/c3111a8a-bc4c-4d81-8a35-32a3b81650c5/resourceGroups/mailer-resource-group/providers/Microsoft.Network/networkSecurityGroups/mailer-network-security-group/securityRules/mailer-NSG-security-rule",
      "type": "string"
    }
  },
  "resources": [
    {
      "mode": "managed",
      "type": "azurerm_lb",
      "name": "lb",
      "provider": "provider[\"registry.terraform.io/hashicorp/azurerm\"]",
      "instances": [
        {
          "schema_version": 0,
          "attributes": {
            "edge_zone": "",
            "frontend_ip_configuration": [
              {
                "gateway_load_balancer_frontend_ip_configuration_id": "",
                "id": "/subscriptions/c3111a8a-bc4c-4d81-8a35-32a3b81650c5/resourceGroups/mailer-resource-group/providers/Microsoft.Network/loadBalancers/mailer-load-balancer/frontendIPConfigurations/lb_PublicIPAddress",
                "inbound_nat_rules": [],
                "load_balancer_rules": [],
                "name": "lb_PublicIPAddress",
                "outbound_rules": [],
                "private_ip_address": "",
                "private_ip_address_allocation": "Dynamic",
                "private_ip_address_version": "",
                "public_ip_address_id": "/subscriptions/c3111a8a-bc4c-4d81-8a35-32a3b81650c5/resourceGroups/mailer-resource-group/providers/Microsoft.Network/publicIPAddresses/mailer-load-balancer-publicIP",
                "public_ip_prefix_id": "",
                "subnet_id": "",
                "zones": []
              }
            ],
            "id": "/subscriptions/c3111a8a-bc4c-4d81-8a35-32a3b81650c5/resourceGroups/mailer-resource-group/providers/Microsoft.Network/loadBalancers/mailer-load-balancer",
            "location": "francecentral",
            "name": "mailer-load-balancer",
            "private_ip_address": "",
            "private_ip_addresses": [],
            "resource_group_name": "mailer-resource-group",
            "sku": "Basic",
            "sku_tier": "Regional",
            "tags": {},
            "timeouts": null
          },
          "sensitive_attributes": [],
          "private": "eyJlMmJmYjczMC1lY2FhLTExZTYtOGY4OC0zNDM2M2JjN2M0YzAiOnsiY3JlYXRlIjoxODAwMDAwMDAwMDAwLCJkZWxldGUiOjE4MDAwMDAwMDAwMDAsInJlYWQiOjMwMDAwMDAwMDAwMCwidXBkYXRlIjoxODAwMDAwMDAwMDAwfX0=",
          "dependencies": [
            "azurerm_public_ip.lb_ip",
            "azurerm_resource_group.rg"
          ]
        }
      ]
    },
    {
      "mode": "managed",
      "type": "azurerm_linux_virtual_machine",
      "name": "dns_vm",
      "provider": "provider[\"registry.terraform.io/hashicorp/azurerm\"]",
      "instances": [
        {
          "schema_version": 0,
          "attributes": {
            "additional_capabilities": [],
            "admin_password": null,
            "admin_ssh_key": [
              {
                "public_key": "ssh-rsa AAAAB3NzaC1yc2EAAAADAQABAAABgQDkXlXp0cv59SP4EQyFApa2H9SiNEnuFSls2hzOnCOxqLR/F0rGg1f3nKZGUndKFSdnbvGOVx/8HO2ODOj47GwBKfmpQzEpXU6plgTNw3DwTtwxOqGdwHtq0MceSfQc/jEBVYJk+wKvXjuvv1TEv0TK9XniqoOhEv6NZm8WB2KPPLHVh5BGHH2n1YjBrmXdPhNed/AhlksJWMpuc+2vrlY+UW2u+TyKRB8sggB/tjV/3lAkM3nP9jBTYj+rSs2r2XKcibZJYCP2leu2TtAM8K2j52uvEdyv7nlyfGY4gLt+Ro66R6EQ6EdK8yqGtE6OtVBBOkQB6v5AtXgOT7qOm5RwKNltF7mxhymVmkX65OsyAojIYh8zLvR8h7YhiA2caMNfUP7QhIJjGa+tVEVQjs1v5iskw8ar7xFWqyjZaadjPd0Hb/oD5J4HH5nwrGH8rJZpt5P6pDnA3H7UBXDBOiiFGmnfMUnytVFPmOeJQJ93TyBMtJlBqMl889QO3DWmfyE= generated-by-azure",
                "username": "ubuntu"
              }
            ],
            "admin_username": "ubuntu",
            "allow_extension_operations": true,
            "availability_set_id": "",
            "boot_diagnostics": [],
            "capacity_reservation_group_id": "",
            "computer_name": "mailer-dns-vm-1",
            "custom_data": null,
            "dedicated_host_group_id": "",
            "dedicated_host_id": "",
            "disable_password_authentication": true,
            "edge_zone": "",
            "encryption_at_host_enabled": false,
            "eviction_policy": "",
            "extensions_time_budget": "PT1H30M",
            "gallery_application": [],
            "id": "/subscriptions/c3111a8a-bc4c-4d81-8a35-32a3b81650c5/resourceGroups/mailer-resource-group/providers/Microsoft.Compute/virtualMachines/mailer-dns-vm-1",
            "identity": [],
            "license_type": "",
            "location": "francecentral",
            "max_bid_price": -1,
            "name": "mailer-dns-vm-1",
            "network_interface_ids": [
              "/subscriptions/c3111a8a-bc4c-4d81-8a35-32a3b81650c5/resourceGroups/mailer-resource-group/providers/Microsoft.Network/networkInterfaces/mailer-network-interface"
            ],
            "os_disk": [
              {
                "caching": "ReadWrite",
                "diff_disk_settings": [],
                "disk_encryption_set_id": "",
                "disk_size_gb": 30,
                "name": "mailer-dns-vm-1_disk1_f2cc24e5cfd04f969e9ebcb64ab57da2",
                "secure_vm_disk_encryption_set_id": "",
                "security_encryption_type": "",
                "storage_account_type": "Standard_LRS",
                "write_accelerator_enabled": false
              }
            ],
            "patch_assessment_mode": "ImageDefault",
            "patch_mode": "ImageDefault",
            "plan": [],
            "platform_fault_domain": -1,
            "priority": "Regular",
            "private_ip_address": "10.0.0.4",
            "private_ip_addresses": [
              "10.0.0.4"
            ],
            "provision_vm_agent": true,
            "proximity_placement_group_id": "",
            "public_ip_address": "",
            "public_ip_addresses": [],
            "resource_group_name": "mailer-resource-group",
            "secret": [],
            "secure_boot_enabled": false,
            "size": "Standard_B1s",
            "source_image_id": "",
            "source_image_reference": [
              {
                "offer": "UbuntuServer",
                "publisher": "Canonical",
                "sku": "16.04-LTS",
                "version": "latest"
              }
            ],
            "tags": {
              "businessUnit": "product-MailServers",
              "department": "techOps",
              "environment": "test",
              "source": "terraform"
            },
            "termination_notification": [],
            "timeouts": null,
            "user_data": "",
            "virtual_machine_id": "24742bcd-796d-4311-810c-bd3d3d8000bc",
            "virtual_machine_scale_set_id": "",
            "vtpm_enabled": false,
            "zone": ""
          },
          "sensitive_attributes": [],
          "private": "eyJlMmJmYjczMC1lY2FhLTExZTYtOGY4OC0zNDM2M2JjN2M0YzAiOnsiY3JlYXRlIjoyNzAwMDAwMDAwMDAwLCJkZWxldGUiOjI3MDAwMDAwMDAwMDAsInJlYWQiOjMwMDAwMDAwMDAwMCwidXBkYXRlIjoyNzAwMDAwMDAwMDAwfX0=",
          "dependencies": [
            "azurerm_network_interface.ni",
            "azurerm_resource_group.rg",
            "azurerm_subnet.subnet",
            "azurerm_virtual_network.vn"
          ]
        }
      ]
    },
    {
      "mode": "managed",
      "type": "azurerm_linux_virtual_machine_scale_set",
      "name": "asg",
      "provider": "provider[\"registry.terraform.io/hashicorp/azurerm\"]",
      "instances": [
        {
          "schema_version": 0,
          "attributes": {
            "additional_capabilities": [],
            "admin_password": null,
            "admin_ssh_key": [
              {
                "public_key": "ssh-rsa AAAAB3NzaC1yc2EAAAADAQABAAABgQDkXlXp0cv59SP4EQyFApa2H9SiNEnuFSls2hzOnCOxqLR/F0rGg1f3nKZGUndKFSdnbvGOVx/8HO2ODOj47GwBKfmpQzEpXU6plgTNw3DwTtwxOqGdwHtq0MceSfQc/jEBVYJk+wKvXjuvv1TEv0TK9XniqoOhEv6NZm8WB2KPPLHVh5BGHH2n1YjBrmXdPhNed/AhlksJWMpuc+2vrlY+UW2u+TyKRB8sggB/tjV/3lAkM3nP9jBTYj+rSs2r2XKcibZJYCP2leu2TtAM8K2j52uvEdyv7nlyfGY4gLt+Ro66R6EQ6EdK8yqGtE6OtVBBOkQB6v5AtXgOT7qOm5RwKNltF7mxhymVmkX65OsyAojIYh8zLvR8h7YhiA2caMNfUP7QhIJjGa+tVEVQjs1v5iskw8ar7xFWqyjZaadjPd0Hb/oD5J4HH5nwrGH8rJZpt5P6pDnA3H7UBXDBOiiFGmnfMUnytVFPmOeJQJ93TyBMtJlBqMl889QO3DWmfyE= generated-by-azure",
                "username": "ubuntu"
              }
            ],
            "admin_username": "ubuntu",
            "automatic_instance_repair": [
              {
                "enabled": false,
                "grace_period": "PT30M"
              }
            ],
            "automatic_os_upgrade_policy": [],
            "boot_diagnostics": [],
            "capacity_reservation_group_id": "",
            "computer_name_prefix": "mailer-linux-scaling-set",
            "custom_data": null,
            "data_disk": [],
            "disable_password_authentication": true,
            "do_not_run_extensions_on_overprovisioned_machines": false,
            "edge_zone": "",
            "encryption_at_host_enabled": false,
            "eviction_policy": "",
            "extension": [],
            "extension_operations_enabled": true,
            "extensions_time_budget": "PT1H30M",
            "gallery_application": [],
            "gallery_applications": [],
            "health_probe_id": "",
            "host_group_id": null,
            "id": "/subscriptions/c3111a8a-bc4c-4d81-8a35-32a3b81650c5/resourceGroups/mailer-resource-group/providers/Microsoft.Compute/virtualMachineScaleSets/mailer-linux-scaling-set",
            "identity": [],
            "instances": 3,
            "location": "francecentral",
            "max_bid_price": -1,
            "name": "mailer-linux-scaling-set",
            "network_interface": [
              {
                "dns_servers": [],
                "enable_accelerated_networking": false,
                "enable_ip_forwarding": false,
                "ip_configuration": [
                  {
                    "application_gateway_backend_address_pool_ids": [],
                    "application_security_group_ids": [],
                    "load_balancer_backend_address_pool_ids": [],
                    "load_balancer_inbound_nat_rules_ids": [],
                    "name": "mailer-linux-scaling-set-ni-ipconfig",
                    "primary": true,
                    "public_ip_address": [],
                    "subnet_id": "/subscriptions/c3111a8a-bc4c-4d81-8a35-32a3b81650c5/resourceGroups/mailer-resource-group/providers/Microsoft.Network/virtualNetworks/mailer-virtual-network/subnets/mailer-subnet1",
                    "version": "IPv4"
                  }
                ],
                "name": "mailer-linux-scaling-set-ni",
                "network_security_group_id": "",
                "primary": true
              }
            ],
            "os_disk": [
              {
                "caching": "ReadWrite",
                "diff_disk_settings": [],
                "disk_encryption_set_id": "",
                "disk_size_gb": 30,
                "secure_vm_disk_encryption_set_id": "",
                "security_encryption_type": "",
                "storage_account_type": "Standard_LRS",
                "write_accelerator_enabled": false
              }
            ],
            "overprovision": true,
            "plan": [],
            "platform_fault_domain_count": 0,
            "priority": "Regular",
            "provision_vm_agent": true,
            "proximity_placement_group_id": "",
            "resource_group_name": "mailer-resource-group",
            "rolling_upgrade_policy": [],
            "scale_in": [
              {
                "force_deletion_enabled": false,
                "rule": "Default"
              }
            ],
            "scale_in_policy": "Default",
            "secret": [],
            "secure_boot_enabled": false,
            "single_placement_group": true,
            "sku": "Standard_B1s",
            "source_image_id": "",
            "source_image_reference": [
              {
                "offer": "UbuntuServer",
                "publisher": "Canonical",
                "sku": "16.04-LTS",
                "version": "latest"
              }
            ],
            "spot_restore": [],
            "tags": {
              "businessUnit": "product-MailServers",
              "department": "techOps",
              "environment": "test",
              "source": "terraform"
            },
            "terminate_notification": [],
            "termination_notification": [],
            "timeouts": null,
            "unique_id": "1cb72a86-443d-48ca-af1e-15c0d325eee4",
            "upgrade_mode": "Manual",
            "user_data": "",
            "vtpm_enabled": false,
            "zone_balance": false,
            "zones": []
          },
          "sensitive_attributes": [],
          "private": "eyJlMmJmYjczMC1lY2FhLTExZTYtOGY4OC0zNDM2M2JjN2M0YzAiOnsiY3JlYXRlIjozNjAwMDAwMDAwMDAwLCJkZWxldGUiOjM2MDAwMDAwMDAwMDAsInJlYWQiOjMwMDAwMDAwMDAwMCwidXBkYXRlIjozNjAwMDAwMDAwMDAwfX0=",
          "dependencies": [
            "azurerm_resource_group.rg",
            "azurerm_subnet.subnet",
            "azurerm_virtual_network.vn"
          ]
        }
      ]
    },
    {
      "mode": "managed",
      "type": "azurerm_network_interface",
      "name": "ni",
      "provider": "provider[\"registry.terraform.io/hashicorp/azurerm\"]",
      "instances": [
        {
          "schema_version": 0,
          "attributes": {
            "applied_dns_servers": [],
            "dns_servers": [],
            "edge_zone": "",
            "enable_accelerated_networking": false,
            "enable_ip_forwarding": false,
            "id": "/subscriptions/c3111a8a-bc4c-4d81-8a35-32a3b81650c5/resourceGroups/mailer-resource-group/providers/Microsoft.Network/networkInterfaces/mailer-network-interface",
            "internal_dns_name_label": "",
            "internal_domain_name_suffix": "v3mmogpiq1ruxees3nif1x5cwf.parx.internal.cloudapp.net",
            "ip_configuration": [
              {
                "gateway_load_balancer_frontend_ip_configuration_id": "",
                "name": "mailer-ni-ip-config",
                "primary": true,
                "private_ip_address": "10.0.0.4",
                "private_ip_address_allocation": "Dynamic",
                "private_ip_address_version": "IPv4",
                "public_ip_address_id": "",
                "subnet_id": "/subscriptions/c3111a8a-bc4c-4d81-8a35-32a3b81650c5/resourceGroups/mailer-resource-group/providers/Microsoft.Network/virtualNetworks/mailer-virtual-network/subnets/mailer-subnet1"
              }
            ],
            "location": "francecentral",
            "mac_address": "00-22-48-3A-24-D1",
            "name": "mailer-network-interface",
            "private_ip_address": "10.0.0.4",
            "private_ip_addresses": [
              "10.0.0.4"
            ],
            "resource_group_name": "mailer-resource-group",
            "tags": {
              "businessUnit": "product-MailServers",
              "department": "techOps",
              "environment": "test",
              "source": "terraform"
            },
            "timeouts": null,
            "virtual_machine_id": "/subscriptions/c3111a8a-bc4c-4d81-8a35-32a3b81650c5/resourceGroups/mailer-resource-group/providers/Microsoft.Compute/virtualMachines/mailer-dns-vm-1"
          },
          "sensitive_attributes": [],
          "private": "eyJlMmJmYjczMC1lY2FhLTExZTYtOGY4OC0zNDM2M2JjN2M0YzAiOnsiY3JlYXRlIjoxODAwMDAwMDAwMDAwLCJkZWxldGUiOjE4MDAwMDAwMDAwMDAsInJlYWQiOjMwMDAwMDAwMDAwMCwidXBkYXRlIjoxODAwMDAwMDAwMDAwfX0=",
          "dependencies": [
            "azurerm_resource_group.rg",
            "azurerm_subnet.subnet",
            "azurerm_virtual_network.vn"
          ]
        }
      ]
    },
    {
      "mode": "managed",
      "type": "azurerm_network_security_group",
      "name": "nsg",
      "provider": "provider[\"registry.terraform.io/hashicorp/azurerm\"]",
      "instances": [
        {
          "schema_version": 0,
          "attributes": {
            "id": "/subscriptions/c3111a8a-bc4c-4d81-8a35-32a3b81650c5/resourceGroups/mailer-resource-group/providers/Microsoft.Network/networkSecurityGroups/mailer-network-security-group",
            "location": "francecentral",
            "name": "mailer-network-security-group",
            "resource_group_name": "mailer-resource-group",
            "security_rule": [],
            "tags": {
              "businessUnit": "product-MailServers",
              "department": "techOps",
              "environment": "test",
              "source": "terraform"
            },
            "timeouts": null
          },
          "sensitive_attributes": [],
          "private": "eyJlMmJmYjczMC1lY2FhLTExZTYtOGY4OC0zNDM2M2JjN2M0YzAiOnsiY3JlYXRlIjoxODAwMDAwMDAwMDAwLCJkZWxldGUiOjE4MDAwMDAwMDAwMDAsInJlYWQiOjMwMDAwMDAwMDAwMCwidXBkYXRlIjoxODAwMDAwMDAwMDAwfX0=",
          "dependencies": [
            "azurerm_resource_group.rg"
          ]
        }
      ]
    },
    {
      "mode": "managed",
      "type": "azurerm_network_security_rule",
      "name": "nsr",
      "provider": "provider[\"registry.terraform.io/hashicorp/azurerm\"]",
      "instances": [
        {
          "schema_version": 0,
          "attributes": {
            "access": "Allow",
            "description": "security rule for the mailer network security group",
            "destination_address_prefix": "*",
            "destination_address_prefixes": null,
            "destination_application_security_group_ids": null,
            "destination_port_range": "*",
            "destination_port_ranges": null,
            "direction": "Outbound",
            "id": "/subscriptions/c3111a8a-bc4c-4d81-8a35-32a3b81650c5/resourceGroups/mailer-resource-group/providers/Microsoft.Network/networkSecurityGroups/mailer-network-security-group/securityRules/mailer-NSG-security-rule",
            "name": "mailer-NSG-security-rule",
            "network_security_group_name": "mailer-network-security-group",
            "priority": 100,
            "protocol": "Tcp",
            "resource_group_name": "mailer-resource-group",
            "source_address_prefix": "*",
            "source_address_prefixes": null,
            "source_application_security_group_ids": null,
            "source_port_range": "*",
            "source_port_ranges": null,
            "timeouts": null
          },
          "sensitive_attributes": [],
          "private": "eyJlMmJmYjczMC1lY2FhLTExZTYtOGY4OC0zNDM2M2JjN2M0YzAiOnsiY3JlYXRlIjoxODAwMDAwMDAwMDAwLCJkZWxldGUiOjE4MDAwMDAwMDAwMDAsInJlYWQiOjMwMDAwMDAwMDAwMCwidXBkYXRlIjoxODAwMDAwMDAwMDAwfX0=",
          "dependencies": [
            "azurerm_network_security_group.nsg",
            "azurerm_resource_group.rg"
          ]
        }
      ]
    },
    {
      "mode": "managed",
      "type": "azurerm_public_ip",
      "name": "lb_ip",
      "provider": "provider[\"registry.terraform.io/hashicorp/azurerm\"]",
      "instances": [
        {
          "schema_version": 0,
          "attributes": {
            "allocation_method": "Static",
            "ddos_protection_mode": "VirtualNetworkInherited",
            "ddos_protection_plan_id": null,
            "domain_name_label": null,
            "edge_zone": "",
            "fqdn": null,
            "id": "/subscriptions/c3111a8a-bc4c-4d81-8a35-32a3b81650c5/resourceGroups/mailer-resource-group/providers/Microsoft.Network/publicIPAddresses/mailer-load-balancer-publicIP",
            "idle_timeout_in_minutes": 4,
            "ip_address": "20.216.177.196",
            "ip_tags": {},
            "ip_version": "IPv4",
            "location": "francecentral",
            "name": "mailer-load-balancer-publicIP",
            "public_ip_prefix_id": null,
            "resource_group_name": "mailer-resource-group",
            "reverse_fqdn": null,
            "sku": "Basic",
            "sku_tier": "Regional",
            "tags": {},
            "timeouts": null,
            "zones": []
          },
          "sensitive_attributes": [],
          "private": "eyJlMmJmYjczMC1lY2FhLTExZTYtOGY4OC0zNDM2M2JjN2M0YzAiOnsiY3JlYXRlIjoxODAwMDAwMDAwMDAwLCJkZWxldGUiOjE4MDAwMDAwMDAwMDAsInJlYWQiOjMwMDAwMDAwMDAwMCwidXBkYXRlIjoxODAwMDAwMDAwMDAwfX0=",
          "dependencies": [
            "azurerm_resource_group.rg"
          ]
        }
      ]
    },
    {
      "mode": "managed",
      "type": "azurerm_resource_group",
      "name": "rg",
      "provider": "provider[\"registry.terraform.io/hashicorp/azurerm\"]",
      "instances": [
        {
          "schema_version": 0,
          "attributes": {
            "id": "/subscriptions/c3111a8a-bc4c-4d81-8a35-32a3b81650c5/resourceGroups/mailer-resource-group",
            "location": "francecentral",
            "name": "mailer-resource-group",
            "tags": {
              "businessUnit": "product-MailServers",
              "department": "techOps",
              "environment": "test",
              "source": "terraform"
            },
            "timeouts": null
          },
          "sensitive_attributes": [],
          "private": "eyJlMmJmYjczMC1lY2FhLTExZTYtOGY4OC0zNDM2M2JjN2M0YzAiOnsiY3JlYXRlIjo1NDAwMDAwMDAwMDAwLCJkZWxldGUiOjU0MDAwMDAwMDAwMDAsInJlYWQiOjMwMDAwMDAwMDAwMCwidXBkYXRlIjo1NDAwMDAwMDAwMDAwfX0="
        }
      ]
    },
    {
      "mode": "managed",
      "type": "azurerm_subnet",
      "name": "subnet",
      "provider": "provider[\"registry.terraform.io/hashicorp/azurerm\"]",
      "instances": [
        {
          "schema_version": 0,
          "attributes": {
            "address_prefixes": [
              "10.0.0.0/24"
            ],
            "delegation": [],
            "enforce_private_link_endpoint_network_policies": false,
            "enforce_private_link_service_network_policies": false,
            "id": "/subscriptions/c3111a8a-bc4c-4d81-8a35-32a3b81650c5/resourceGroups/mailer-resource-group/providers/Microsoft.Network/virtualNetworks/mailer-virtual-network/subnets/mailer-subnet1",
            "name": "mailer-subnet1",
            "private_endpoint_network_policies_enabled": true,
            "private_link_service_network_policies_enabled": true,
            "resource_group_name": "mailer-resource-group",
            "service_endpoint_policy_ids": [],
            "service_endpoints": [],
            "timeouts": null,
            "virtual_network_name": "mailer-virtual-network"
          },
          "sensitive_attributes": [],
          "private": "eyJlMmJmYjczMC1lY2FhLTExZTYtOGY4OC0zNDM2M2JjN2M0YzAiOnsiY3JlYXRlIjoxODAwMDAwMDAwMDAwLCJkZWxldGUiOjE4MDAwMDAwMDAwMDAsInJlYWQiOjMwMDAwMDAwMDAwMCwidXBkYXRlIjoxODAwMDAwMDAwMDAwfX0=",
          "dependencies": [
            "azurerm_resource_group.rg",
            "azurerm_virtual_network.vn"
          ]
        }
      ]
    },
    {
      "mode": "managed",
      "type": "azurerm_virtual_network",
      "name": "vn",
      "provider": "provider[\"registry.terraform.io/hashicorp/azurerm\"]",
      "instances": [
        {
          "schema_version": 0,
          "attributes": {
            "address_space": [
              "10.0.0.0/16"
            ],
            "bgp_community": "",
            "ddos_protection_plan": [],
            "dns_servers": [],
            "edge_zone": "",
            "flow_timeout_in_minutes": 0,
            "guid": "19c758af-86e8-4be3-9092-eb505ddfe2b5",
            "id": "/subscriptions/c3111a8a-bc4c-4d81-8a35-32a3b81650c5/resourceGroups/mailer-resource-group/providers/Microsoft.Network/virtualNetworks/mailer-virtual-network",
            "location": "francecentral",
            "name": "mailer-virtual-network",
            "resource_group_name": "mailer-resource-group",
            "subnet": [
              {
                "address_prefix": "10.0.0.0/24",
                "id": "/subscriptions/c3111a8a-bc4c-4d81-8a35-32a3b81650c5/resourceGroups/mailer-resource-group/providers/Microsoft.Network/virtualNetworks/mailer-virtual-network/subnets/mailer-subnet1",
                "name": "mailer-subnet1",
                "security_group": ""
              }
            ],
            "tags": {
              "businessUnit": "product-MailServers",
              "department": "techOps",
              "environment": "test",
              "source": "terraform"
            },
            "timeouts": null
          },
          "sensitive_attributes": [],
          "private": "eyJlMmJmYjczMC1lY2FhLTExZTYtOGY4OC0zNDM2M2JjN2M0YzAiOnsiY3JlYXRlIjoxODAwMDAwMDAwMDAwLCJkZWxldGUiOjE4MDAwMDAwMDAwMDAsInJlYWQiOjMwMDAwMDAwMDAwMCwidXBkYXRlIjoxODAwMDAwMDAwMDAwfX0=",
          "dependencies": [
            "azurerm_resource_group.rg"
          ]
        }
      ]
    }
  ]
}
